
Microsoft Visual Studio Solution File, Format Version 12.00
# Visual Studio Version 16
VisualStudioVersion = 16.0.29102.190
MinimumVisualStudioVersion = 10.0.40219.1
Project("{FAE04EC0-301F-11D3-BF4B-00C04F79EFBC}") = "Localization", "Localization\Localization.csproj", "{F5DB23CB-9C9B-4F7D-9EED-2ABD4CCFA323}"
EndProject
Global
	GlobalSection(SolutionConfigurationPlatforms) = preSolution
		Debug|Any CPU = Debug|Any CPU
		Release|Any CPU = Release|Any CPU
	EndGlobalSection
	GlobalSection(ProjectConfigurationPlatforms) = postSolution
		{F5DB23CB-9C9B-4F7D-9EED-2ABD4CCFA323}.Debug|Any CPU.ActiveCfg = Debug|Any CPU
		{F5DB23CB-9C9B-4F7D-9EED-2ABD4CCFA323}.Debug|Any CPU.Build.0 = Debug|Any CPU
		{F5DB23CB-9C9B-4F7D-9EED-2ABD4CCFA323}.Release|Any CPU.ActiveCfg = Release|Any CPU
		{F5DB23CB-9C9B-4F7D-9EED-2ABD4CCFA323}.Release|Any CPU.Build.0 = Release|Any CPU
	EndGlobalSection
	GlobalSection(SolutionProperties) = preSolution
		HideSolutionNode = FALSE
	EndGlobalSection
	GlobalSection(ExtensibilityGlobals) = postSolution
		SolutionGuid = {8FC9C9E3-0F8F-4E7B-9FB6-045C593CE585}
	EndGlobalSection
EndGlobal
